
Microsoft Visual Studio Solution File, Format Version 12.00
# Visual Studio Version 17
VisualStudioVersion = 17.9.34714.143
MinimumVisualStudioVersion = 10.0.40219.1
Project("{FAE04EC0-301F-11D3-BF4B-00C04F79EFBC}") = "MovieRental_WebSystem", "MovieRental_WebSystem.csproj", "{B2A4D478-81E2-4711-BF8A-4F4229236B5A}"
EndProject
Global
	GlobalSection(SolutionConfigurationPlatforms) = preSolution
		Debug|Any CPU = Debug|Any CPU
		Release|Any CPU = Release|Any CPU
	EndGlobalSection
	GlobalSection(ProjectConfigurationPlatforms) = postSolution
		{B2A4D478-81E2-4711-BF8A-4F4229236B5A}.Debug|Any CPU.ActiveCfg = Debug|Any CPU
		{B2A4D478-81E2-4711-BF8A-4F4229236B5A}.Debug|Any CPU.Build.0 = Debug|Any CPU
		{B2A4D478-81E2-4711-BF8A-4F4229236B5A}.Release|Any CPU.ActiveCfg = Release|Any CPU
		{B2A4D478-81E2-4711-BF8A-4F4229236B5A}.Release|Any CPU.Build.0 = Release|Any CPU
	EndGlobalSection
	GlobalSection(SolutionProperties) = preSolution
		HideSolutionNode = FALSE
	EndGlobalSection
	GlobalSection(ExtensibilityGlobals) = postSolution
		SolutionGuid = {1D9B5846-C0D6-486D-9CE7-B35F4D1095F7}
	EndGlobalSection
EndGlobal
